// !$*UTF8*$!
{
	archiveVersion = 1;
	classes = {
	};
	objectVersion = 46;
	objects = {

/* Begin PBXBuildFile section */
		330ED02A189C0E35001AF047 /* MDCUserDefaultsController.m in Sources */ = {isa = PBXBuildFile; fileRef = 330ED029189C0E35001AF047 /* MDCUserDefaultsController.m */; };
		330ED02D189C0EE4001AF047 /* MDCUserDefaultItem.m in Sources */ = {isa = PBXBuildFile; fileRef = 330ED02C189C0EE4001AF047 /* MDCUserDefaultItem.m */; };
		330ED030189C10C8001AF047 /* MDCUserDefaultsBrowserViewController.m in Sources */ = {isa = PBXBuildFile; fileRef = 330ED02F189C10C8001AF047 /* MDCUserDefaultsBrowserViewController.m */; };
		335EB8F7189EE4ED0014FBCC /* MDCDeviceInformationBrowserViewController.m in Sources */ = {isa = PBXBuildFile; fileRef = 335EB8F6189EE4ED0014FBCC /* MDCDeviceInformationBrowserViewController.m */; };
		335EB8FA189EE5440014FBCC /* MDCDeviceInformationController.m in Sources */ = {isa = PBXBuildFile; fileRef = 335EB8F9189EE5440014FBCC /* MDCDeviceInformationController.m */; };
		335EB8FD189EE5630014FBCC /* MDCDeviceInformationItem.m in Sources */ = {isa = PBXBuildFile; fileRef = 335EB8FC189EE5630014FBCC /* MDCDeviceInformationItem.m */; };
		33A61836188A756E007D5701 /* Foundation.framework in Frameworks */ = {isa = PBXBuildFile; fileRef = 33A61835188A756E007D5701 /* Foundation.framework */; };
		33A61838188A756E007D5701 /* CoreGraphics.framework in Frameworks */ = {isa = PBXBuildFile; fileRef = 33A61837188A756E007D5701 /* CoreGraphics.framework */; };
		33A6183A188A756E007D5701 /* UIKit.framework in Frameworks */ = {isa = PBXBuildFile; fileRef = 33A61839188A756E007D5701 /* UIKit.framework */; };
		33A61840188A756E007D5701 /* InfoPlist.strings in Resources */ = {isa = PBXBuildFile; fileRef = 33A6183E188A756E007D5701 /* InfoPlist.strings */; };
		33A61842188A756E007D5701 /* main.m in Sources */ = {isa = PBXBuildFile; fileRef = 33A61841188A756E007D5701 /* main.m */; };
		33A61846188A756E007D5701 /* MDCAppDelegate.m in Sources */ = {isa = PBXBuildFile; fileRef = 33A61845188A756E007D5701 /* MDCAppDelegate.m */; };
		33A61848188A756E007D5701 /* Images.xcassets in Resources */ = {isa = PBXBuildFile; fileRef = 33A61847188A756E007D5701 /* Images.xcassets */; };
		33A6184F188A756E007D5701 /* XCTest.framework in Frameworks */ = {isa = PBXBuildFile; fileRef = 33A6184E188A756E007D5701 /* XCTest.framework */; };
		33A61850188A756E007D5701 /* Foundation.framework in Frameworks */ = {isa = PBXBuildFile; fileRef = 33A61835188A756E007D5701 /* Foundation.framework */; };
		33A61851188A756E007D5701 /* UIKit.framework in Frameworks */ = {isa = PBXBuildFile; fileRef = 33A61839188A756E007D5701 /* UIKit.framework */; };
		33A61859188A756F007D5701 /* InfoPlist.strings in Resources */ = {isa = PBXBuildFile; fileRef = 33A61857188A756F007D5701 /* InfoPlist.strings */; };
		33A6185B188A756F007D5701 /* DeveloperMenuTests.m in Sources */ = {isa = PBXBuildFile; fileRef = 33A6185A188A756F007D5701 /* DeveloperMenuTests.m */; };
		33A61866188A760E007D5701 /* MDCExampleRootViewController.m in Sources */ = {isa = PBXBuildFile; fileRef = 33A61865188A760E007D5701 /* MDCExampleRootViewController.m */; };
		33A6186D188A7741007D5701 /* MDCDeveloperMenuViewController.m in Sources */ = {isa = PBXBuildFile; fileRef = 33A6186C188A7741007D5701 /* MDCDeveloperMenuViewController.m */; };
		33C66B49189AEE5D007E0C36 /* MDCValueConverter.m in Sources */ = {isa = PBXBuildFile; fileRef = 33C66B48189AEE5D007E0C36 /* MDCValueConverter.m */; };
		33C66B4D189AEF3B007E0C36 /* MDCPlistBrowserViewController.m in Sources */ = {isa = PBXBuildFile; fileRef = 33C66B4C189AEF3B007E0C36 /* MDCPlistBrowserViewController.m */; };
		33C66B50189AF5B7007E0C36 /* MDCCell.m in Sources */ = {isa = PBXBuildFile; fileRef = 33C66B4F189AF5B7007E0C36 /* MDCCell.m */; };
		33C66B53189AFF91007E0C36 /* MDCPlistItem.m in Sources */ = {isa = PBXBuildFile; fileRef = 33C66B52189AFF91007E0C36 /* MDCPlistItem.m */; };
		33C66B56189B0041007E0C36 /* MDCPlistController.m in Sources */ = {isa = PBXBuildFile; fileRef = 33C66B55189B0041007E0C36 /* MDCPlistController.m */; };
		33FBCF7D189E6032001130EC /* MDCLogController.m in Sources */ = {isa = PBXBuildFile; fileRef = 33FBCF7C189E6032001130EC /* MDCLogController.m */; };
		33FBCF80189E60D4001130EC /* MDCLog.m in Sources */ = {isa = PBXBuildFile; fileRef = 33FBCF7F189E60D4001130EC /* MDCLog.m */; };
		33FBCF83189E76E4001130EC /* MDCLogBrowserViewController.m in Sources */ = {isa = PBXBuildFile; fileRef = 33FBCF82189E76E4001130EC /* MDCLogBrowserViewController.m */; };
		494442B018B5336D00B74627 /* CoreTelephony.framework in Frameworks */ = {isa = PBXBuildFile; fileRef = 494442AF18B5336D00B74627 /* CoreTelephony.framework */; };
		494442B218B55C6800B74627 /* SystemConfiguration.framework in Frameworks */ = {isa = PBXBuildFile; fileRef = 494442B118B55C6800B74627 /* SystemConfiguration.framework */; };
		49608A6518B7152B0033D758 /* MDCPlistEditorViewController.m in Sources */ = {isa = PBXBuildFile; fileRef = 49608A6418B7152B0033D758 /* MDCPlistEditorViewController.m */; };
		49608A6818B715ED0033D758 /* MDCInputCell.m in Sources */ = {isa = PBXBuildFile; fileRef = 49608A6718B715ED0033D758 /* MDCInputCell.m */; };
/* End PBXBuildFile section */

/* Begin PBXContainerItemProxy section */
		33A61852188A756F007D5701 /* PBXContainerItemProxy */ = {
			isa = PBXContainerItemProxy;
			containerPortal = 33A6182A188A756E007D5701 /* Project object */;
			proxyType = 1;
			remoteGlobalIDString = 33A61831188A756E007D5701;
			remoteInfo = DeveloperMenu;
		};
/* End PBXContainerItemProxy section */

/* Begin PBXFileReference section */
		330ED028189C0E35001AF047 /* MDCUserDefaultsController.h */ = {isa = PBXFileReference; fileEncoding = 4; lastKnownFileType = sourcecode.c.h; path = MDCUserDefaultsController.h; sourceTree = "<group>"; };
		330ED029189C0E35001AF047 /* MDCUserDefaultsController.m */ = {isa = PBXFileReference; fileEncoding = 4; lastKnownFileType = sourcecode.c.objc; path = MDCUserDefaultsController.m; sourceTree = "<group>"; };
		330ED02B189C0EE4001AF047 /* MDCUserDefaultItem.h */ = {isa = PBXFileReference; fileEncoding = 4; lastKnownFileType = sourcecode.c.h; path = MDCUserDefaultItem.h; sourceTree = "<group>"; };
		330ED02C189C0EE4001AF047 /* MDCUserDefaultItem.m */ = {isa = PBXFileReference; fileEncoding = 4; lastKnownFileType = sourcecode.c.objc; path = MDCUserDefaultItem.m; sourceTree = "<group>"; };
		330ED02E189C10C8001AF047 /* MDCUserDefaultsBrowserViewController.h */ = {isa = PBXFileReference; fileEncoding = 4; lastKnownFileType = sourcecode.c.h; path = MDCUserDefaultsBrowserViewController.h; sourceTree = "<group>"; };
		330ED02F189C10C8001AF047 /* MDCUserDefaultsBrowserViewController.m */ = {isa = PBXFileReference; fileEncoding = 4; lastKnownFileType = sourcecode.c.objc; path = MDCUserDefaultsBrowserViewController.m; sourceTree = "<group>"; };
		335EB8F5189EE4ED0014FBCC /* MDCDeviceInformationBrowserViewController.h */ = {isa = PBXFileReference; fileEncoding = 4; lastKnownFileType = sourcecode.c.h; path = MDCDeviceInformationBrowserViewController.h; sourceTree = "<group>"; };
		335EB8F6189EE4ED0014FBCC /* MDCDeviceInformationBrowserViewController.m */ = {isa = PBXFileReference; fileEncoding = 4; lastKnownFileType = sourcecode.c.objc; path = MDCDeviceInformationBrowserViewController.m; sourceTree = "<group>"; };
		335EB8F8189EE5440014FBCC /* MDCDeviceInformationController.h */ = {isa = PBXFileReference; fileEncoding = 4; lastKnownFileType = sourcecode.c.h; path = MDCDeviceInformationController.h; sourceTree = "<group>"; };
		335EB8F9189EE5440014FBCC /* MDCDeviceInformationController.m */ = {isa = PBXFileReference; fileEncoding = 4; lastKnownFileType = sourcecode.c.objc; path = MDCDeviceInformationController.m; sourceTree = "<group>"; };
		335EB8FB189EE5630014FBCC /* MDCDeviceInformationItem.h */ = {isa = PBXFileReference; fileEncoding = 4; lastKnownFileType = sourcecode.c.h; path = MDCDeviceInformationItem.h; sourceTree = "<group>"; };
		335EB8FC189EE5630014FBCC /* MDCDeviceInformationItem.m */ = {isa = PBXFileReference; fileEncoding = 4; lastKnownFileType = sourcecode.c.objc; path = MDCDeviceInformationItem.m; sourceTree = "<group>"; };
		33A61832188A756E007D5701 /* DeveloperMenu.app */ = {isa = PBXFileReference; explicitFileType = wrapper.application; includeInIndex = 0; path = DeveloperMenu.app; sourceTree = BUILT_PRODUCTS_DIR; };
		33A61835188A756E007D5701 /* Foundation.framework */ = {isa = PBXFileReference; lastKnownFileType = wrapper.framework; name = Foundation.framework; path = System/Library/Frameworks/Foundation.framework; sourceTree = SDKROOT; };
		33A61837188A756E007D5701 /* CoreGraphics.framework */ = {isa = PBXFileReference; lastKnownFileType = wrapper.framework; name = CoreGraphics.framework; path = System/Library/Frameworks/CoreGraphics.framework; sourceTree = SDKROOT; };
		33A61839188A756E007D5701 /* UIKit.framework */ = {isa = PBXFileReference; lastKnownFileType = wrapper.framework; name = UIKit.framework; path = System/Library/Frameworks/UIKit.framework; sourceTree = SDKROOT; };
		33A6183D188A756E007D5701 /* DeveloperMenu-Info.plist */ = {isa = PBXFileReference; lastKnownFileType = text.plist.xml; path = "DeveloperMenu-Info.plist"; sourceTree = "<group>"; };
		33A6183F188A756E007D5701 /* en */ = {isa = PBXFileReference; lastKnownFileType = text.plist.strings; name = en; path = en.lproj/InfoPlist.strings; sourceTree = "<group>"; };
		33A61841188A756E007D5701 /* main.m */ = {isa = PBXFileReference; lastKnownFileType = sourcecode.c.objc; path = main.m; sourceTree = "<group>"; };
		33A61843188A756E007D5701 /* DeveloperMenu-Prefix.pch */ = {isa = PBXFileReference; lastKnownFileType = sourcecode.c.h; path = "DeveloperMenu-Prefix.pch"; sourceTree = "<group>"; };
		33A61844188A756E007D5701 /* MDCAppDelegate.h */ = {isa = PBXFileReference; lastKnownFileType = sourcecode.c.h; path = MDCAppDelegate.h; sourceTree = "<group>"; };
		33A61845188A756E007D5701 /* MDCAppDelegate.m */ = {isa = PBXFileReference; lastKnownFileType = sourcecode.c.objc; path = MDCAppDelegate.m; sourceTree = "<group>"; };
		33A61847188A756E007D5701 /* Images.xcassets */ = {isa = PBXFileReference; lastKnownFileType = folder.assetcatalog; path = Images.xcassets; sourceTree = "<group>"; };
		33A6184D188A756E007D5701 /* DeveloperMenuTests.xctest */ = {isa = PBXFileReference; explicitFileType = wrapper.cfbundle; includeInIndex = 0; path = DeveloperMenuTests.xctest; sourceTree = BUILT_PRODUCTS_DIR; };
		33A6184E188A756E007D5701 /* XCTest.framework */ = {isa = PBXFileReference; lastKnownFileType = wrapper.framework; name = XCTest.framework; path = Library/Frameworks/XCTest.framework; sourceTree = DEVELOPER_DIR; };
		33A61856188A756F007D5701 /* DeveloperMenuTests-Info.plist */ = {isa = PBXFileReference; lastKnownFileType = text.plist.xml; path = "DeveloperMenuTests-Info.plist"; sourceTree = "<group>"; };
		33A61858188A756F007D5701 /* en */ = {isa = PBXFileReference; lastKnownFileType = text.plist.strings; name = en; path = en.lproj/InfoPlist.strings; sourceTree = "<group>"; };
		33A6185A188A756F007D5701 /* DeveloperMenuTests.m */ = {isa = PBXFileReference; lastKnownFileType = sourcecode.c.objc; path = DeveloperMenuTests.m; sourceTree = "<group>"; };
		33A61864188A760E007D5701 /* MDCExampleRootViewController.h */ = {isa = PBXFileReference; fileEncoding = 4; lastKnownFileType = sourcecode.c.h; path = MDCExampleRootViewController.h; sourceTree = "<group>"; };
		33A61865188A760E007D5701 /* MDCExampleRootViewController.m */ = {isa = PBXFileReference; fileEncoding = 4; lastKnownFileType = sourcecode.c.objc; path = MDCExampleRootViewController.m; sourceTree = "<group>"; };
		33A6186B188A7741007D5701 /* MDCDeveloperMenuViewController.h */ = {isa = PBXFileReference; fileEncoding = 4; lastKnownFileType = sourcecode.c.h; path = MDCDeveloperMenuViewController.h; sourceTree = "<group>"; };
		33A6186C188A7741007D5701 /* MDCDeveloperMenuViewController.m */ = {isa = PBXFileReference; fileEncoding = 4; lastKnownFileType = sourcecode.c.objc; path = MDCDeveloperMenuViewController.m; sourceTree = "<group>"; };
		33C66B47189AEE5D007E0C36 /* MDCValueConverter.h */ = {isa = PBXFileReference; fileEncoding = 4; lastKnownFileType = sourcecode.c.h; path = MDCValueConverter.h; sourceTree = "<group>"; };
		33C66B48189AEE5D007E0C36 /* MDCValueConverter.m */ = {isa = PBXFileReference; fileEncoding = 4; lastKnownFileType = sourcecode.c.objc; path = MDCValueConverter.m; sourceTree = "<group>"; };
		33C66B4B189AEF3B007E0C36 /* MDCPlistBrowserViewController.h */ = {isa = PBXFileReference; fileEncoding = 4; lastKnownFileType = sourcecode.c.h; path = MDCPlistBrowserViewController.h; sourceTree = "<group>"; };
		33C66B4C189AEF3B007E0C36 /* MDCPlistBrowserViewController.m */ = {isa = PBXFileReference; fileEncoding = 4; lastKnownFileType = sourcecode.c.objc; path = MDCPlistBrowserViewController.m; sourceTree = "<group>"; };
		33C66B4E189AF5B7007E0C36 /* MDCCell.h */ = {isa = PBXFileReference; fileEncoding = 4; lastKnownFileType = sourcecode.c.h; path = MDCCell.h; sourceTree = "<group>"; };
		33C66B4F189AF5B7007E0C36 /* MDCCell.m */ = {isa = PBXFileReference; fileEncoding = 4; lastKnownFileType = sourcecode.c.objc; path = MDCCell.m; sourceTree = "<group>"; };
		33C66B51189AFF91007E0C36 /* MDCPlistItem.h */ = {isa = PBXFileReference; fileEncoding = 4; lastKnownFileType = sourcecode.c.h; path = MDCPlistItem.h; sourceTree = "<group>"; };
		33C66B52189AFF91007E0C36 /* MDCPlistItem.m */ = {isa = PBXFileReference; fileEncoding = 4; lastKnownFileType = sourcecode.c.objc; path = MDCPlistItem.m; sourceTree = "<group>"; };
		33C66B54189B0041007E0C36 /* MDCPlistController.h */ = {isa = PBXFileReference; fileEncoding = 4; lastKnownFileType = sourcecode.c.h; path = MDCPlistController.h; sourceTree = "<group>"; };
		33C66B55189B0041007E0C36 /* MDCPlistController.m */ = {isa = PBXFileReference; fileEncoding = 4; lastKnownFileType = sourcecode.c.objc; path = MDCPlistController.m; sourceTree = "<group>"; };
		33FBCF7B189E6032001130EC /* MDCLogController.h */ = {isa = PBXFileReference; fileEncoding = 4; lastKnownFileType = sourcecode.c.h; path = MDCLogController.h; sourceTree = "<group>"; };
		33FBCF7C189E6032001130EC /* MDCLogController.m */ = {isa = PBXFileReference; fileEncoding = 4; lastKnownFileType = sourcecode.c.objc; path = MDCLogController.m; sourceTree = "<group>"; };
		33FBCF7E189E60D4001130EC /* MDCLog.h */ = {isa = PBXFileReference; fileEncoding = 4; lastKnownFileType = sourcecode.c.h; path = MDCLog.h; sourceTree = "<group>"; };
		33FBCF7F189E60D4001130EC /* MDCLog.m */ = {isa = PBXFileReference; fileEncoding = 4; lastKnownFileType = sourcecode.c.objc; path = MDCLog.m; sourceTree = "<group>"; };
		33FBCF81189E76E4001130EC /* MDCLogBrowserViewController.h */ = {isa = PBXFileReference; fileEncoding = 4; lastKnownFileType = sourcecode.c.h; path = MDCLogBrowserViewController.h; sourceTree = "<group>"; };
		33FBCF82189E76E4001130EC /* MDCLogBrowserViewController.m */ = {isa = PBXFileReference; fileEncoding = 4; lastKnownFileType = sourcecode.c.objc; path = MDCLogBrowserViewController.m; sourceTree = "<group>"; };
		494442AF18B5336D00B74627 /* CoreTelephony.framework */ = {isa = PBXFileReference; lastKnownFileType = wrapper.framework; name = CoreTelephony.framework; path = System/Library/Frameworks/CoreTelephony.framework; sourceTree = SDKROOT; };
		494442B118B55C6800B74627 /* SystemConfiguration.framework */ = {isa = PBXFileReference; lastKnownFileType = wrapper.framework; name = SystemConfiguration.framework; path = System/Library/Frameworks/SystemConfiguration.framework; sourceTree = SDKROOT; };
		49608A6318B7152B0033D758 /* MDCPlistEditorViewController.h */ = {isa = PBXFileReference; fileEncoding = 4; lastKnownFileType = sourcecode.c.h; path = MDCPlistEditorViewController.h; sourceTree = "<group>"; };
		49608A6418B7152B0033D758 /* MDCPlistEditorViewController.m */ = {isa = PBXFileReference; fileEncoding = 4; lastKnownFileType = sourcecode.c.objc; path = MDCPlistEditorViewController.m; sourceTree = "<group>"; };
		49608A6618B715ED0033D758 /* MDCInputCell.h */ = {isa = PBXFileReference; fileEncoding = 4; lastKnownFileType = sourcecode.c.h; path = MDCInputCell.h; sourceTree = "<group>"; };
		49608A6718B715ED0033D758 /* MDCInputCell.m */ = {isa = PBXFileReference; fileEncoding = 4; lastKnownFileType = sourcecode.c.objc; path = MDCInputCell.m; sourceTree = "<group>"; };
/* End PBXFileReference section */

/* Begin PBXFrameworksBuildPhase section */
		33A6182F188A756E007D5701 /* Frameworks */ = {
			isa = PBXFrameworksBuildPhase;
			buildActionMask = 2147483647;
			files = (
				494442B218B55C6800B74627 /* SystemConfiguration.framework in Frameworks */,
				494442B018B5336D00B74627 /* CoreTelephony.framework in Frameworks */,
				33A61838188A756E007D5701 /* CoreGraphics.framework in Frameworks */,
				33A6183A188A756E007D5701 /* UIKit.framework in Frameworks */,
				33A61836188A756E007D5701 /* Foundation.framework in Frameworks */,
			);
			runOnlyForDeploymentPostprocessing = 0;
		};
		33A6184A188A756E007D5701 /* Frameworks */ = {
			isa = PBXFrameworksBuildPhase;
			buildActionMask = 2147483647;
			files = (
				33A6184F188A756E007D5701 /* XCTest.framework in Frameworks */,
				33A61851188A756E007D5701 /* UIKit.framework in Frameworks */,
				33A61850188A756E007D5701 /* Foundation.framework in Frameworks */,
			);
			runOnlyForDeploymentPostprocessing = 0;
		};
/* End PBXFrameworksBuildPhase section */

/* Begin PBXGroup section */
		33A61829188A756E007D5701 = {
			isa = PBXGroup;
			children = (
				33A6183B188A756E007D5701 /* DeveloperMenu */,
				33A61854188A756F007D5701 /* DeveloperMenuTests */,
				33A61834188A756E007D5701 /* Frameworks */,
				33A61833188A756E007D5701 /* Products */,
			);
			sourceTree = "<group>";
		};
		33A61833188A756E007D5701 /* Products */ = {
			isa = PBXGroup;
			children = (
				33A61832188A756E007D5701 /* DeveloperMenu.app */,
				33A6184D188A756E007D5701 /* DeveloperMenuTests.xctest */,
			);
			name = Products;
			sourceTree = "<group>";
		};
		33A61834188A756E007D5701 /* Frameworks */ = {
			isa = PBXGroup;
			children = (
				494442B118B55C6800B74627 /* SystemConfiguration.framework */,
				494442AF18B5336D00B74627 /* CoreTelephony.framework */,
				33A61835188A756E007D5701 /* Foundation.framework */,
				33A61837188A756E007D5701 /* CoreGraphics.framework */,
				33A61839188A756E007D5701 /* UIKit.framework */,
				33A6184E188A756E007D5701 /* XCTest.framework */,
			);
			name = Frameworks;
			sourceTree = "<group>";
		};
		33A6183B188A756E007D5701 /* DeveloperMenu */ = {
			isa = PBXGroup;
			children = (
				33A61844188A756E007D5701 /* MDCAppDelegate.h */,
				33A61845188A756E007D5701 /* MDCAppDelegate.m */,
				33A6186A188A762A007D5701 /* Controllers */,
				33A61869188A7625007D5701 /* Models */,
				33A61868188A761E007D5701 /* Views */,
				33A61867188A7613007D5701 /* View Controllers */,
				33A61847188A756E007D5701 /* Images.xcassets */,
				33C66B4A189AEE9B007E0C36 /* Convenience */,
				33A6183C188A756E007D5701 /* Supporting Files */,
			);
			path = DeveloperMenu;
			sourceTree = "<group>";
		};
		33A6183C188A756E007D5701 /* Supporting Files */ = {
			isa = PBXGroup;
			children = (
				33A6183D188A756E007D5701 /* DeveloperMenu-Info.plist */,
				33A6183E188A756E007D5701 /* InfoPlist.strings */,
				33A61841188A756E007D5701 /* main.m */,
				33A61843188A756E007D5701 /* DeveloperMenu-Prefix.pch */,
			);
			name = "Supporting Files";
			sourceTree = "<group>";
		};
		33A61854188A756F007D5701 /* DeveloperMenuTests */ = {
			isa = PBXGroup;
			children = (
				33A6185A188A756F007D5701 /* DeveloperMenuTests.m */,
				33A61855188A756F007D5701 /* Supporting Files */,
			);
			path = DeveloperMenuTests;
			sourceTree = "<group>";
		};
		33A61855188A756F007D5701 /* Supporting Files */ = {
			isa = PBXGroup;
			children = (
				33A61856188A756F007D5701 /* DeveloperMenuTests-Info.plist */,
				33A61857188A756F007D5701 /* InfoPlist.strings */,
			);
			name = "Supporting Files";
			sourceTree = "<group>";
		};
		33A61867188A7613007D5701 /* View Controllers */ = {
			isa = PBXGroup;
			children = (
				49608A6318B7152B0033D758 /* MDCPlistEditorViewController.h */,
				49608A6418B7152B0033D758 /* MDCPlistEditorViewController.m */,
				335EB8F5189EE4ED0014FBCC /* MDCDeviceInformationBrowserViewController.h */,
				335EB8F6189EE4ED0014FBCC /* MDCDeviceInformationBrowserViewController.m */,
				33FBCF81189E76E4001130EC /* MDCLogBrowserViewController.h */,
				33FBCF82189E76E4001130EC /* MDCLogBrowserViewController.m */,
				330ED02E189C10C8001AF047 /* MDCUserDefaultsBrowserViewController.h */,
				330ED02F189C10C8001AF047 /* MDCUserDefaultsBrowserViewController.m */,
				33C66B4B189AEF3B007E0C36 /* MDCPlistBrowserViewController.h */,
				33C66B4C189AEF3B007E0C36 /* MDCPlistBrowserViewController.m */,
				33A6186B188A7741007D5701 /* MDCDeveloperMenuViewController.h */,
				33A6186C188A7741007D5701 /* MDCDeveloperMenuViewController.m */,
				33A61864188A760E007D5701 /* MDCExampleRootViewController.h */,
				33A61865188A760E007D5701 /* MDCExampleRootViewController.m */,
			);
			name = "View Controllers";
			sourceTree = "<group>";
		};
		33A61868188A761E007D5701 /* Views */ = {
			isa = PBXGroup;
			children = (
				49608A6618B715ED0033D758 /* MDCInputCell.h */,
				49608A6718B715ED0033D758 /* MDCInputCell.m */,
				33C66B4E189AF5B7007E0C36 /* MDCCell.h */,
				33C66B4F189AF5B7007E0C36 /* MDCCell.m */,
			);
			name = Views;
			sourceTree = "<group>";
		};
		33A61869188A7625007D5701 /* Models */ = {
			isa = PBXGroup;
			children = (
				335EB8FB189EE5630014FBCC /* MDCDeviceInformationItem.h */,
				335EB8FC189EE5630014FBCC /* MDCDeviceInformationItem.m */,
				33FBCF7E189E60D4001130EC /* MDCLog.h */,
				33FBCF7F189E60D4001130EC /* MDCLog.m */,
				330ED02B189C0EE4001AF047 /* MDCUserDefaultItem.h */,
				330ED02C189C0EE4001AF047 /* MDCUserDefaultItem.m */,
				33C66B51189AFF91007E0C36 /* MDCPlistItem.h */,
				33C66B52189AFF91007E0C36 /* MDCPlistItem.m */,
			);
			name = Models;
			sourceTree = "<group>";
		};
		33A6186A188A762A007D5701 /* Controllers */ = {
			isa = PBXGroup;
			children = (
				335EB8F8189EE5440014FBCC /* MDCDeviceInformationController.h */,
				335EB8F9189EE5440014FBCC /* MDCDeviceInformationController.m */,
				33FBCF7B189E6032001130EC /* MDCLogController.h */,
				33FBCF7C189E6032001130EC /* MDCLogController.m */,
				330ED028189C0E35001AF047 /* MDCUserDefaultsController.h */,
				330ED029189C0E35001AF047 /* MDCUserDefaultsController.m */,
				33C66B54189B0041007E0C36 /* MDCPlistController.h */,
				33C66B55189B0041007E0C36 /* MDCPlistController.m */,
			);
			name = Controllers;
			sourceTree = "<group>";
		};
		33C66B4A189AEE9B007E0C36 /* Convenience */ = {
			isa = PBXGroup;
			children = (
				33C66B47189AEE5D007E0C36 /* MDCValueConverter.h */,
				33C66B48189AEE5D007E0C36 /* MDCValueConverter.m */,
			);
			name = Convenience;
			sourceTree = "<group>";
		};
/* End PBXGroup section */

/* Begin PBXNativeTarget section */
		33A61831188A756E007D5701 /* DeveloperMenu */ = {
			isa = PBXNativeTarget;
			buildConfigurationList = 33A6185E188A756F007D5701 /* Build configuration list for PBXNativeTarget "DeveloperMenu" */;
			buildPhases = (
				33A6182E188A756E007D5701 /* Sources */,
				33A6182F188A756E007D5701 /* Frameworks */,
				33A61830188A756E007D5701 /* Resources */,
			);
			buildRules = (
			);
			dependencies = (
			);
			name = DeveloperMenu;
			productName = DeveloperMenu;
			productReference = 33A61832188A756E007D5701 /* DeveloperMenu.app */;
			productType = "com.apple.product-type.application";
		};
		33A6184C188A756E007D5701 /* DeveloperMenuTests */ = {
			isa = PBXNativeTarget;
			buildConfigurationList = 33A61861188A756F007D5701 /* Build configuration list for PBXNativeTarget "DeveloperMenuTests" */;
			buildPhases = (
				33A61849188A756E007D5701 /* Sources */,
				33A6184A188A756E007D5701 /* Frameworks */,
				33A6184B188A756E007D5701 /* Resources */,
			);
			buildRules = (
			);
			dependencies = (
				33A61853188A756F007D5701 /* PBXTargetDependency */,
			);
			name = DeveloperMenuTests;
			productName = DeveloperMenuTests;
			productReference = 33A6184D188A756E007D5701 /* DeveloperMenuTests.xctest */;
			productType = "com.apple.product-type.bundle.unit-test";
		};
/* End PBXNativeTarget section */

/* Begin PBXProject section */
		33A6182A188A756E007D5701 /* Project object */ = {
			isa = PBXProject;
			attributes = {
				CLASSPREFIX = MDC;
				LastUpgradeCheck = 0500;
				ORGANIZATIONNAME = "Matthew Cheetham";
				TargetAttributes = {
					33A61831188A756E007D5701 = {
						DevelopmentTeam = 36E8P5DP9L;
					};
					33A6184C188A756E007D5701 = {
						TestTargetID = 33A61831188A756E007D5701;
					};
				};
			};
			buildConfigurationList = 33A6182D188A756E007D5701 /* Build configuration list for PBXProject "DeveloperMenu" */;
			compatibilityVersion = "Xcode 3.2";
			developmentRegion = English;
			hasScannedForEncodings = 0;
			knownRegions = (
				en,
			);
			mainGroup = 33A61829188A756E007D5701;
			productRefGroup = 33A61833188A756E007D5701 /* Products */;
			projectDirPath = "";
			projectRoot = "";
			targets = (
				33A61831188A756E007D5701 /* DeveloperMenu */,
				33A6184C188A756E007D5701 /* DeveloperMenuTests */,
			);
		};
/* End PBXProject section */

/* Begin PBXResourcesBuildPhase section */
		33A61830188A756E007D5701 /* Resources */ = {
			isa = PBXResourcesBuildPhase;
			buildActionMask = 2147483647;
			files = (
				33A61840188A756E007D5701 /* InfoPlist.strings in Resources */,
				33A61848188A756E007D5701 /* Images.xcassets in Resources */,
			);
			runOnlyForDeploymentPostprocessing = 0;
		};
		33A6184B188A756E007D5701 /* Resources */ = {
			isa = PBXResourcesBuildPhase;
			buildActionMask = 2147483647;
			files = (
				33A61859188A756F007D5701 /* InfoPlist.strings in Resources */,
			);
			runOnlyForDeploymentPostprocessing = 0;
		};
/* End PBXResourcesBuildPhase section */

/* Begin PBXSourcesBuildPhase section */
		33A6182E188A756E007D5701 /* Sources */ = {
			isa = PBXSourcesBuildPhase;
			buildActionMask = 2147483647;
			files = (
				335EB8FA189EE5440014FBCC /* MDCDeviceInformationController.m in Sources */,
				33C66B53189AFF91007E0C36 /* MDCPlistItem.m in Sources */,
				330ED02A189C0E35001AF047 /* MDCUserDefaultsController.m in Sources */,
				330ED02D189C0EE4001AF047 /* MDCUserDefaultItem.m in Sources */,
				335EB8FD189EE5630014FBCC /* MDCDeviceInformationItem.m in Sources */,
				335EB8F7189EE4ED0014FBCC /* MDCDeviceInformationBrowserViewController.m in Sources */,
				330ED030189C10C8001AF047 /* MDCUserDefaultsBrowserViewController.m in Sources */,
				33A61842188A756E007D5701 /* main.m in Sources */,
				33C66B4D189AEF3B007E0C36 /* MDCPlistBrowserViewController.m in Sources */,
				49608A6818B715ED0033D758 /* MDCInputCell.m in Sources */,
				33A61866188A760E007D5701 /* MDCExampleRootViewController.m in Sources */,
				33FBCF80189E60D4001130EC /* MDCLog.m in Sources */,
				33C66B50189AF5B7007E0C36 /* MDCCell.m in Sources */,
				33A6186D188A7741007D5701 /* MDCDeveloperMenuViewController.m in Sources */,
				33A61846188A756E007D5701 /* MDCAppDelegate.m in Sources */,
				33FBCF7D189E6032001130EC /* MDCLogController.m in Sources */,
				33FBCF83189E76E4001130EC /* MDCLogBrowserViewController.m in Sources */,
				49608A6518B7152B0033D758 /* MDCPlistEditorViewController.m in Sources */,
				33C66B49189AEE5D007E0C36 /* MDCValueConverter.m in Sources */,
				33C66B56189B0041007E0C36 /* MDCPlistController.m in Sources */,
			);
			runOnlyForDeploymentPostprocessing = 0;
		};
		33A61849188A756E007D5701 /* Sources */ = {
			isa = PBXSourcesBuildPhase;
			buildActionMask = 2147483647;
			files = (
				33A6185B188A756F007D5701 /* DeveloperMenuTests.m in Sources */,
			);
			runOnlyForDeploymentPostprocessing = 0;
		};
/* End PBXSourcesBuildPhase section */

/* Begin PBXTargetDependency section */
		33A61853188A756F007D5701 /* PBXTargetDependency */ = {
			isa = PBXTargetDependency;
			target = 33A61831188A756E007D5701 /* DeveloperMenu */;
			targetProxy = 33A61852188A756F007D5701 /* PBXContainerItemProxy */;
		};
/* End PBXTargetDependency section */

/* Begin PBXVariantGroup section */
		33A6183E188A756E007D5701 /* InfoPlist.strings */ = {
			isa = PBXVariantGroup;
			children = (
				33A6183F188A756E007D5701 /* en */,
			);
			name = InfoPlist.strings;
			sourceTree = "<group>";
		};
		33A61857188A756F007D5701 /* InfoPlist.strings */ = {
			isa = PBXVariantGroup;
			children = (
				33A61858188A756F007D5701 /* en */,
			);
			name = InfoPlist.strings;
			sourceTree = "<group>";
		};
/* End PBXVariantGroup section */

/* Begin XCBuildConfiguration section */
		33A6185C188A756F007D5701 /* Debug */ = {
			isa = XCBuildConfiguration;
			buildSettings = {
				ALWAYS_SEARCH_USER_PATHS = NO;
				ARCHS = "$(ARCHS_STANDARD_INCLUDING_64_BIT)";
				CLANG_CXX_LANGUAGE_STANDARD = "gnu++0x";
				CLANG_CXX_LIBRARY = "libc++";
				CLANG_ENABLE_MODULES = YES;
				CLANG_ENABLE_OBJC_ARC = YES;
				CLANG_WARN_BOOL_CONVERSION = YES;
				CLANG_WARN_CONSTANT_CONVERSION = YES;
				CLANG_WARN_DIRECT_OBJC_ISA_USAGE = YES_ERROR;
				CLANG_WARN_EMPTY_BODY = YES;
				CLANG_WARN_ENUM_CONVERSION = YES;
				CLANG_WARN_INT_CONVERSION = YES;
				CLANG_WARN_OBJC_ROOT_CLASS = YES_ERROR;
				CLANG_WARN__DUPLICATE_METHOD_MATCH = YES;
				"CODE_SIGN_IDENTITY[sdk=iphoneos*]" = "iPhone Developer";
				COPY_PHASE_STRIP = NO;
				GCC_C_LANGUAGE_STANDARD = gnu99;
				GCC_DYNAMIC_NO_PIC = NO;
				GCC_OPTIMIZATION_LEVEL = 0;
				GCC_PREPROCESSOR_DEFINITIONS = (
					"DEBUG=1",
					"$(inherited)",
				);
				GCC_SYMBOLS_PRIVATE_EXTERN = NO;
				GCC_WARN_64_TO_32_BIT_CONVERSION = YES;
				GCC_WARN_ABOUT_RETURN_TYPE = YES_ERROR;
				GCC_WARN_UNDECLARED_SELECTOR = YES;
				GCC_WARN_UNINITIALIZED_AUTOS = YES;
				GCC_WARN_UNUSED_FUNCTION = YES;
				GCC_WARN_UNUSED_VARIABLE = YES;
				IPHONEOS_DEPLOYMENT_TARGET = 7.0;
				ONLY_ACTIVE_ARCH = YES;
				SDKROOT = iphoneos;
			};
			name = Debug;
		};
		33A6185D188A756F007D5701 /* Release */ = {
			isa = XCBuildConfiguration;
			buildSettings = {
				ALWAYS_SEARCH_USER_PATHS = NO;
				ARCHS = "$(ARCHS_STANDARD_INCLUDING_64_BIT)";
				CLANG_CXX_LANGUAGE_STANDARD = "gnu++0x";
				CLANG_CXX_LIBRARY = "libc++";
				CLANG_ENABLE_MODULES = YES;
				CLANG_ENABLE_OBJC_ARC = YES;
				CLANG_WARN_BOOL_CONVERSION = YES;
				CLANG_WARN_CONSTANT_CONVERSION = YES;
				CLANG_WARN_DIRECT_OBJC_ISA_USAGE = YES_ERROR;
				CLANG_WARN_EMPTY_BODY = YES;
				CLANG_WARN_ENUM_CONVERSION = YES;
				CLANG_WARN_INT_CONVERSION = YES;
				CLANG_WARN_OBJC_ROOT_CLASS = YES_ERROR;
				CLANG_WARN__DUPLICATE_METHOD_MATCH = YES;
				"CODE_SIGN_IDENTITY[sdk=iphoneos*]" = "iPhone Developer";
				COPY_PHASE_STRIP = YES;
				ENABLE_NS_ASSERTIONS = NO;
				GCC_C_LANGUAGE_STANDARD = gnu99;
				GCC_WARN_64_TO_32_BIT_CONVERSION = YES;
				GCC_WARN_ABOUT_RETURN_TYPE = YES_ERROR;
				GCC_WARN_UNDECLARED_SELECTOR = YES;
				GCC_WARN_UNINITIALIZED_AUTOS = YES;
				GCC_WARN_UNUSED_FUNCTION = YES;
				GCC_WARN_UNUSED_VARIABLE = YES;
				IPHONEOS_DEPLOYMENT_TARGET = 7.0;
				SDKROOT = iphoneos;
				VALIDATE_PRODUCT = YES;
			};
			name = Release;
		};
		33A6185F188A756F007D5701 /* Debug */ = {
			isa = XCBuildConfiguration;
			buildSettings = {
				ASSETCATALOG_COMPILER_APPICON_NAME = AppIcon;
				ASSETCATALOG_COMPILER_LAUNCHIMAGE_NAME = LaunchImage;
				CODE_SIGN_IDENTITY = "iPhone Developer";
				"CODE_SIGN_IDENTITY[sdk=iphoneos*]" = "iPhone Developer";
				GCC_PRECOMPILE_PREFIX_HEADER = YES;
				GCC_PREFIX_HEADER = "DeveloperMenu/DeveloperMenu-Prefix.pch";
				INFOPLIST_FILE = "DeveloperMenu/DeveloperMenu-Info.plist";
				PRODUCT_NAME = "$(TARGET_NAME)";
				PROVISIONING_PROFILE = "";
				WRAPPER_EXTENSION = app;
			};
			name = Debug;
		};
		33A61860188A756F007D5701 /* Release */ = {
			isa = XCBuildConfiguration;
			buildSettings = {
				ASSETCATALOG_COMPILER_APPICON_NAME = AppIcon;
				ASSETCATALOG_COMPILER_LAUNCHIMAGE_NAME = LaunchImage;
				CODE_SIGN_IDENTITY = "iPhone Developer";
				"CODE_SIGN_IDENTITY[sdk=iphoneos*]" = "iPhone Developer";
				GCC_PRECOMPILE_PREFIX_HEADER = YES;
				GCC_PREFIX_HEADER = "DeveloperMenu/DeveloperMenu-Prefix.pch";
				INFOPLIST_FILE = "DeveloperMenu/DeveloperMenu-Info.plist";
				PRODUCT_NAME = "$(TARGET_NAME)";
				PROVISIONING_PROFILE = "";
				WRAPPER_EXTENSION = app;
			};
			name = Release;
		};
		33A61862188A756F007D5701 /* Debug */ = {
			isa = XCBuildConfiguration;
			buildSettings = {
				ARCHS = "$(ARCHS_STANDARD_INCLUDING_64_BIT)";
				BUNDLE_LOADER = "$(BUILT_PRODUCTS_DIR)/DeveloperMenu.app/DeveloperMenu";
				FRAMEWORK_SEARCH_PATHS = (
					"$(SDKROOT)/Developer/Library/Frameworks",
					"$(inherited)",
					"$(DEVELOPER_FRAMEWORKS_DIR)",
				);
				GCC_PRECOMPILE_PREFIX_HEADER = YES;
				GCC_PREFIX_HEADER = "DeveloperMenu/DeveloperMenu-Prefix.pch";
				GCC_PREPROCESSOR_DEFINITIONS = (
					"DEBUG=1",
					"$(inherited)",
				);
				INFOPLIST_FILE = "DeveloperMenuTests/DeveloperMenuTests-Info.plist";
				PRODUCT_NAME = "$(TARGET_NAME)";
				TEST_HOST = "$(BUNDLE_LOADER)";
				WRAPPER_EXTENSION = xctest;
			};
			name = Debug;
		};
		33A61863188A756F007D5701 /* Release */ = {
			isa = XCBuildConfiguration;
			buildSettings = {
				ARCHS = "$(ARCHS_STANDARD_INCLUDING_64_BIT)";
				BUNDLE_LOADER = "$(BUILT_PRODUCTS_DIR)/DeveloperMenu.app/DeveloperMenu";
				FRAMEWORK_SEARCH_PATHS = (
					"$(SDKROOT)/Developer/Library/Frameworks",
					"$(inherited)",
					"$(DEVELOPER_FRAMEWORKS_DIR)",
				);
				GCC_PRECOMPILE_PREFIX_HEADER = YES;
				GCC_PREFIX_HEADER = "DeveloperMenu/DeveloperMenu-Prefix.pch";
				INFOPLIST_FILE = "DeveloperMenuTests/DeveloperMenuTests-Info.plist";
				PRODUCT_NAME = "$(TARGET_NAME)";
				TEST_HOST = "$(BUNDLE_LOADER)";
				WRAPPER_EXTENSION = xctest;
			};
			name = Release;
		};
/* End XCBuildConfiguration section */

/* Begin XCConfigurationList section */
		33A6182D188A756E007D5701 /* Build configuration list for PBXProject "DeveloperMenu" */ = {
			isa = XCConfigurationList;
			buildConfigurations = (
				33A6185C188A756F007D5701 /* Debug */,
				33A6185D188A756F007D5701 /* Release */,
			);
			defaultConfigurationIsVisible = 0;
			defaultConfigurationName = Release;
		};
		33A6185E188A756F007D5701 /* Build configuration list for PBXNativeTarget "DeveloperMenu" */ = {
			isa = XCConfigurationList;
			buildConfigurations = (
				33A6185F188A756F007D5701 /* Debug */,
				33A61860188A756F007D5701 /* Release */,
			);
			defaultConfigurationIsVisible = 0;
			defaultConfigurationName = Release;
		};
		33A61861188A756F007D5701 /* Build configuration list for PBXNativeTarget "DeveloperMenuTests" */ = {
			isa = XCConfigurationList;
			buildConfigurations = (
				33A61862188A756F007D5701 /* Debug */,
				33A61863188A756F007D5701 /* Release */,
			);
			defaultConfigurationIsVisible = 0;
			defaultConfigurationName = Release;
		};
/* End XCConfigurationList section */
	};
	rootObject = 33A6182A188A756E007D5701 /* Project object */;
}
